
Microsoft Visual Studio Solution File, Format Version 12.00
# Visual Studio 15
VisualStudioVersion = 15.0.28010.2041
MinimumVisualStudioVersion = 10.0.40219.1
Project("{FAE04EC0-301F-11D3-BF4B-00C04F79EFBC}") = "PresentationLayer", "PresentationLayer\PresentationLayer.csproj", "{F81DFB90-3F95-44DE-8F09-8FA2FE69EA00}"
EndProject
Global
	GlobalSection(SolutionConfigurationPlatforms) = preSolution
		Debug|Any CPU = Debug|Any CPU
		Release|Any CPU = Release|Any CPU
	EndGlobalSection
	GlobalSection(ProjectConfigurationPlatforms) = postSolution
		{F81DFB90-3F95-44DE-8F09-8FA2FE69EA00}.Debug|Any CPU.ActiveCfg = Debug|Any CPU
		{F81DFB90-3F95-44DE-8F09-8FA2FE69EA00}.Debug|Any CPU.Build.0 = Debug|Any CPU
		{F81DFB90-3F95-44DE-8F09-8FA2FE69EA00}.Release|Any CPU.ActiveCfg = Release|Any CPU
		{F81DFB90-3F95-44DE-8F09-8FA2FE69EA00}.Release|Any CPU.Build.0 = Release|Any CPU
	EndGlobalSection
	GlobalSection(SolutionProperties) = preSolution
		HideSolutionNode = FALSE
	EndGlobalSection
	GlobalSection(ExtensibilityGlobals) = postSolution
		SolutionGuid = {FAE15FA7-EA40-4764-BF7D-891F815E4C9F}
	EndGlobalSection
EndGlobal
